
Microsoft Visual Studio Solution File, Format Version 12.00
# Visual Studio 15
VisualStudioVersion = 15.0.28010.2016
MinimumVisualStudioVersion = 10.0.40219.1
Project("{FAE04EC0-301F-11D3-BF4B-00C04F79EFBC}") = "AWSMovieAppAsgn2", "AWSMovieAppAsgn2\AWSMovieAppAsgn2.csproj", "{DEDF8099-AD4F-4E39-BAC5-0B950EB92253}"
EndProject
Global
	GlobalSection(SolutionConfigurationPlatforms) = preSolution
		Debug|Any CPU = Debug|Any CPU
		Release|Any CPU = Release|Any CPU
	EndGlobalSection
	GlobalSection(ProjectConfigurationPlatforms) = postSolution
		{DEDF8099-AD4F-4E39-BAC5-0B950EB92253}.Debug|Any CPU.ActiveCfg = Debug|Any CPU
		{DEDF8099-AD4F-4E39-BAC5-0B950EB92253}.Debug|Any CPU.Build.0 = Debug|Any CPU
		{DEDF8099-AD4F-4E39-BAC5-0B950EB92253}.Release|Any CPU.ActiveCfg = Release|Any CPU
		{DEDF8099-AD4F-4E39-BAC5-0B950EB92253}.Release|Any CPU.Build.0 = Release|Any CPU
	EndGlobalSection
	GlobalSection(SolutionProperties) = preSolution
		HideSolutionNode = FALSE
	EndGlobalSection
	GlobalSection(ExtensibilityGlobals) = postSolution
		SolutionGuid = {966FFBE4-8E5B-42C1-ABCF-8E78CF32C303}
	EndGlobalSection
EndGlobal
